
Microsoft Visual Studio Solution File, Format Version 12.00
# Visual Studio Version 16
VisualStudioVersion = 16.0.30503.244
MinimumVisualStudioVersion = 10.0.40219.1
Project("{FAE04EC0-301F-11D3-BF4B-00C04F79EFBC}") = "PM03Krugl", "PM03Krugl\PM03Krugl.csproj", "{1FC36DA3-62D8-49CC-8CBC-9095E26A7619}"
EndProject
Global
	GlobalSection(SolutionConfigurationPlatforms) = preSolution
		Debug|Any CPU = Debug|Any CPU
		Release|Any CPU = Release|Any CPU
	EndGlobalSection
	GlobalSection(ProjectConfigurationPlatforms) = postSolution
		{1FC36DA3-62D8-49CC-8CBC-9095E26A7619}.Debug|Any CPU.ActiveCfg = Debug|Any CPU
		{1FC36DA3-62D8-49CC-8CBC-9095E26A7619}.Debug|Any CPU.Build.0 = Debug|Any CPU
		{1FC36DA3-62D8-49CC-8CBC-9095E26A7619}.Release|Any CPU.ActiveCfg = Release|Any CPU
		{1FC36DA3-62D8-49CC-8CBC-9095E26A7619}.Release|Any CPU.Build.0 = Release|Any CPU
	EndGlobalSection
	GlobalSection(SolutionProperties) = preSolution
		HideSolutionNode = FALSE
	EndGlobalSection
	GlobalSection(ExtensibilityGlobals) = postSolution
		SolutionGuid = {0A70170B-3A8B-4997-AEC3-421F8883676D}
	EndGlobalSection
EndGlobal
